
Microsoft Visual Studio Solution File, Format Version 12.00
# Visual Studio 2013
VisualStudioVersion = 12.0.40629.0
MinimumVisualStudioVersion = 10.0.40219.1
Project("{FAE04EC0-301F-11D3-BF4B-00C04F79EFBC}") = "Exercise 01", "Exercise 01\Exercise 01.csproj", "{4BB94230-0901-4B3F-A957-4BFA53820759}"
EndProject
Global
	GlobalSection(SolutionConfigurationPlatforms) = preSolution
		Debug|Any CPU = Debug|Any CPU
		Release|Any CPU = Release|Any CPU
	EndGlobalSection
	GlobalSection(ProjectConfigurationPlatforms) = postSolution
		{4BB94230-0901-4B3F-A957-4BFA53820759}.Debug|Any CPU.ActiveCfg = Debug|Any CPU
		{4BB94230-0901-4B3F-A957-4BFA53820759}.Debug|Any CPU.Build.0 = Debug|Any CPU
		{4BB94230-0901-4B3F-A957-4BFA53820759}.Release|Any CPU.ActiveCfg = Release|Any CPU
		{4BB94230-0901-4B3F-A957-4BFA53820759}.Release|Any CPU.Build.0 = Release|Any CPU
	EndGlobalSection
	GlobalSection(SolutionProperties) = preSolution
		HideSolutionNode = FALSE
	EndGlobalSection
	GlobalSection(ExtensibilityGlobals) = postSolution
		SolutionGuid = {709DD0AB-8C78-475A-85E3-FBC72BAB303A}
	EndGlobalSection
EndGlobal
